# THIS IS AN AUTOGENERATED FILE. DO NOT EDIT THIS FILE DIRECTLY.
# yarn lockfile v1


reactive-css-properties@^1.5.6:
  version "1.5.6"
  resolved "https://registry.yarnpkg.com/reactive-css-properties/-/reactive-css-properties-1.5.6.tgz#7e14f6bf9136dcef9f93f0797c92e499c9fe280a"
  integrity sha512-TKamjqAc36EG0NjZbuPoj3ETmRGcweRw6Hpfeax/D/ZF5sKnwiSOwkwzYKEPjdvbrgP7MuZ0ZrEBu18P+UhDPw==

typescript@^3.9.7:
  version "3.9.7"
  resolved "https://registry.yarnpkg.com/typescript/-/typescript-3.9.7.tgz#98d600a5ebdc38f40cb277522f12dc800e9e25fa"
  integrity sha512-BLbiRkiBzAwsjut4x/dsibSTB6yWpwT5qWmC2OfuCg3GgVQCSgMs4vEctYPhsaGtd0AeuuHMkjZ2h2WG8MSzRw==

vue@^2.6.12:
  version "2.6.12"
  resolved "https://registry.yarnpkg.com/vue/-/vue-2.6.12.tgz#f5ebd4fa6bd2869403e29a896aed4904456c9123"
  integrity sha512-uhmLFETqPPNyuLLbsKz6ioJ4q7AZHzD8ZVFNATNyICSZouqP2Sz0rotWQC8UNBF6VGSCs5abnKJoStA6JbCbfg==
